// !$*UTF8*$!
{
	archiveVersion = 1;
	classes = {
	};
	objectVersion = 55;
	objects = {

/* Begin PBXBuildFile section */
		510612FA28EC39100060112E /* SMSConfirmationViewController.swift in Sources */ = {isa = PBXBuildFile; fileRef = 510612F928EC39100060112E /* SMSConfirmationViewController.swift */; };
		510612FC28EC39220060112E /* SMSConfirmationView.swift in Sources */ = {isa = PBXBuildFile; fileRef = 510612FB28EC39220060112E /* SMSConfirmationView.swift */; };
		510612FE28EC3A170060112E /* LogInViewModel.swift in Sources */ = {isa = PBXBuildFile; fileRef = 510612FD28EC3A170060112E /* LogInViewModel.swift */; };
		5106130028EC68AB0060112E /* SMSConfirmationTitleView.swift in Sources */ = {isa = PBXBuildFile; fileRef = 510612FF28EC68AA0060112E /* SMSConfirmationTitleView.swift */; };
		5106130228EC70790060112E /* SMSConfirmationTextFieldView.swift in Sources */ = {isa = PBXBuildFile; fileRef = 5106130128EC70790060112E /* SMSConfirmationTextFieldView.swift */; };
		5106130428EC76B20060112E /* SMSConfirmationBottomView.swift in Sources */ = {isa = PBXBuildFile; fileRef = 5106130328EC76B20060112E /* SMSConfirmationBottomView.swift */; };
		5106130628EC816D0060112E /* UIStackViewExtension.swift in Sources */ = {isa = PBXBuildFile; fileRef = 5106130528EC816D0060112E /* UIStackViewExtension.swift */; };
		5106130828ECB0FC0060112E /* SMSConfirmationViewModel.swift in Sources */ = {isa = PBXBuildFile; fileRef = 5106130728ECB0FC0060112E /* SMSConfirmationViewModel.swift */; };
		511175C22901E4AF0037FF7D /* ProfileViewController.swift in Sources */ = {isa = PBXBuildFile; fileRef = 511175C12901E4AF0037FF7D /* ProfileViewController.swift */; };
		511175C42901E4C80037FF7D /* ProfileView.swift in Sources */ = {isa = PBXBuildFile; fileRef = 511175C32901E4C80037FF7D /* ProfileView.swift */; };
		511175C62901E7DD0037FF7D /* ProfileTitleView.swift in Sources */ = {isa = PBXBuildFile; fileRef = 511175C52901E7DD0037FF7D /* ProfileTitleView.swift */; };
		5123BE152921848300CAE758 /* FavouritesView.swift in Sources */ = {isa = PBXBuildFile; fileRef = 5123BE142921848300CAE758 /* FavouritesView.swift */; };
		5123BE1729218D1300CAE758 /* FavouritesViewController.swift in Sources */ = {isa = PBXBuildFile; fileRef = 5123BE1629218D1300CAE758 /* FavouritesViewController.swift */; };
		5123BE1929218EEC00CAE758 /* FavouritesCoordinator.swift in Sources */ = {isa = PBXBuildFile; fileRef = 5123BE1829218EEC00CAE758 /* FavouritesCoordinator.swift */; };
		5123BE1B29218FFC00CAE758 /* FavouritesViewModel.swift in Sources */ = {isa = PBXBuildFile; fileRef = 5123BE1A29218FFC00CAE758 /* FavouritesViewModel.swift */; };
		5123BE1D292191DF00CAE758 /* FavouritesModelManager.swift in Sources */ = {isa = PBXBuildFile; fileRef = 5123BE1C292191DF00CAE758 /* FavouritesModelManager.swift */; };
		514664DA290086EE006B3EDE /* PostInfoView.swift in Sources */ = {isa = PBXBuildFile; fileRef = 514664D9290086EE006B3EDE /* PostInfoView.swift */; };
		514664DC29008702006B3EDE /* PostInfoViewController.swift in Sources */ = {isa = PBXBuildFile; fileRef = 514664DB29008702006B3EDE /* PostInfoViewController.swift */; };
		514664E029009CC7006B3EDE /* PostInfoTitleView.swift in Sources */ = {isa = PBXBuildFile; fileRef = 514664DF29009CC7006B3EDE /* PostInfoTitleView.swift */; };
		514664E22900A14D006B3EDE /* PostInfoViewModel.swift in Sources */ = {isa = PBXBuildFile; fileRef = 514664E12900A14D006B3EDE /* PostInfoViewModel.swift */; };
		5149DB7828FF3ACD00D08EE2 /* NavigationCoordinatorProtocol.swift in Sources */ = {isa = PBXBuildFile; fileRef = 5149DB7728FF3ACD00D08EE2 /* NavigationCoordinatorProtocol.swift */; };
		5149DB7A28FF49C600D08EE2 /* DateExtension.swift in Sources */ = {isa = PBXBuildFile; fileRef = 5149DB7928FF49C600D08EE2 /* DateExtension.swift */; };
		516A74D4291C4BB6009312A9 /* ProfileEditView.swift in Sources */ = {isa = PBXBuildFile; fileRef = 516A74D3291C4BB6009312A9 /* ProfileEditView.swift */; };
		516CCE5E2907ABC400DDB7D9 /* ProfilePhotosTableViewCell.swift in Sources */ = {isa = PBXBuildFile; fileRef = 516CCE5D2907ABC400DDB7D9 /* ProfilePhotosTableViewCell.swift */; };
		516CCE602907C3F200DDB7D9 /* ProfileViewModel.swift in Sources */ = {isa = PBXBuildFile; fileRef = 516CCE5F2907C3F200DDB7D9 /* ProfileViewModel.swift */; };
		5185D1DC28F4A6ED003595A6 /* FeedTableViewCellTitleView.swift in Sources */ = {isa = PBXBuildFile; fileRef = 5185D1DB28F4A6ED003595A6 /* FeedTableViewCellTitleView.swift */; };
		5185D1DE28F4A836003595A6 /* FeedTableViewCellPostView.swift in Sources */ = {isa = PBXBuildFile; fileRef = 5185D1DD28F4A836003595A6 /* FeedTableViewCellPostView.swift */; };
		5185D1E028F4AA09003595A6 /* LikeFavouritesBottomView.swift in Sources */ = {isa = PBXBuildFile; fileRef = 5185D1DF28F4AA09003595A6 /* LikeFavouritesBottomView.swift */; };
		519D580B2916F6B5005E3D4A /* ProfileCoordinator.swift in Sources */ = {isa = PBXBuildFile; fileRef = 519D580A2916F6B5005E3D4A /* ProfileCoordinator.swift */; };
		519D58112916FBF8005E3D4A /* PhotosViewController.swift in Sources */ = {isa = PBXBuildFile; fileRef = 519D58102916FBF8005E3D4A /* PhotosViewController.swift */; };
		519D58132916FF4A005E3D4A /* PhotosCollectionViewCell.swift in Sources */ = {isa = PBXBuildFile; fileRef = 519D58122916FF49005E3D4A /* PhotosCollectionViewCell.swift */; };
		519D5815291700C9005E3D4A /* PhotosView.swift in Sources */ = {isa = PBXBuildFile; fileRef = 519D5814291700C9005E3D4A /* PhotosView.swift */; };
		519D58172917022E005E3D4A /* PhotosViewModel.swift in Sources */ = {isa = PBXBuildFile; fileRef = 519D58162917022E005E3D4A /* PhotosViewModel.swift */; };
		51AFAF1E28D8EDA70075DB21 /* LogInViewController.swift in Sources */ = {isa = PBXBuildFile; fileRef = 51AFAF1D28D8EDA70075DB21 /* LogInViewController.swift */; };
		51AFAF2028D8EDB50075DB21 /* LogInView.swift in Sources */ = {isa = PBXBuildFile; fileRef = 51AFAF1F28D8EDB50075DB21 /* LogInView.swift */; };
		51AFAF2328D8EE880075DB21 /* UIColorExtension.swift in Sources */ = {isa = PBXBuildFile; fileRef = 51AFAF2228D8EE880075DB21 /* UIColorExtension.swift */; };
		51CD697D290F251C007F0FF8 /* ProfilePhotosViewModel.swift in Sources */ = {isa = PBXBuildFile; fileRef = 51CD697C290F251C007F0FF8 /* ProfilePhotosViewModel.swift */; };
		51DD900E290739E70036B521 /* ProfileTitleSubInfoLabel.swift in Sources */ = {isa = PBXBuildFile; fileRef = 51DD900D290739E70036B521 /* ProfileTitleSubInfoLabel.swift */; };
		51DD901129073E6F0036B521 /* ProfileTitleButton.swift in Sources */ = {isa = PBXBuildFile; fileRef = 51DD901029073E6F0036B521 /* ProfileTitleButton.swift */; };
		51E4E1E42919ABE7004DBCB4 /* ProfileModelManager.swift in Sources */ = {isa = PBXBuildFile; fileRef = 51E4E1E32919ABE7004DBCB4 /* ProfileModelManager.swift */; };
		51E5919128EE0984001D4EC0 /* FeedViewController.swift in Sources */ = {isa = PBXBuildFile; fileRef = 51E5919028EE0984001D4EC0 /* FeedViewController.swift */; };
		51E5919328EE0A58001D4EC0 /* FeedView.swift in Sources */ = {isa = PBXBuildFile; fileRef = 51E5919228EE0A58001D4EC0 /* FeedView.swift */; };
		51E5919528EE0B5B001D4EC0 /* FeedTableViewCell.swift in Sources */ = {isa = PBXBuildFile; fileRef = 51E5919428EE0B5B001D4EC0 /* FeedTableViewCell.swift */; };
		51E5CF2628FDEFD30098CAD0 /* CachedImageView.swift in Sources */ = {isa = PBXBuildFile; fileRef = 51E5CF2528FDEFD30098CAD0 /* CachedImageView.swift */; };
		51E5CF2828FDFD8D0098CAD0 /* PostCollection.swift in Sources */ = {isa = PBXBuildFile; fileRef = 51E5CF2728FDFD8D0098CAD0 /* PostCollection.swift */; };
		51EA4EC428F9F1B500E6948B /* FeedCoordinator.swift in Sources */ = {isa = PBXBuildFile; fileRef = 51EA4EC328F9F1B500E6948B /* FeedCoordinator.swift */; };
		51EA4EC628F9FE4100E6948B /* MainTabBarControllerViewController.swift in Sources */ = {isa = PBXBuildFile; fileRef = 51EA4EC528F9FE4100E6948B /* MainTabBarControllerViewController.swift */; };
		51EC6A7128EF5AC6008BD2C7 /* FeedSectionView.swift in Sources */ = {isa = PBXBuildFile; fileRef = 51EC6A7028EF5AC6008BD2C7 /* FeedSectionView.swift */; };
		51EC6A7328EF62B1008BD2C7 /* UILabelWithPadding.swift in Sources */ = {isa = PBXBuildFile; fileRef = 51EC6A7228EF62B1008BD2C7 /* UILabelWithPadding.swift */; };
		51FBF90728F1C77D00C7FA45 /* ItemsIdentifier.swift in Sources */ = {isa = PBXBuildFile; fileRef = 51FBF90628F1C77D00C7FA45 /* ItemsIdentifier.swift */; };
		51FBF90928F1E87500C7FA45 /* Post.swift in Sources */ = {isa = PBXBuildFile; fileRef = 51FBF90828F1E87500C7FA45 /* Post.swift */; };
		51FBF90B28F1E89C00C7FA45 /* User.swift in Sources */ = {isa = PBXBuildFile; fileRef = 51FBF90A28F1E89C00C7FA45 /* User.swift */; };
		51FBF90D28F1EAA600C7FA45 /* FeedViewModel.swift in Sources */ = {isa = PBXBuildFile; fileRef = 51FBF90C28F1EAA600C7FA45 /* FeedViewModel.swift */; };
		51FBF91028F1F4A700C7FA45 /* FirebaseFirestore in Frameworks */ = {isa = PBXBuildFile; productRef = 51FBF90F28F1F4A700C7FA45 /* FirebaseFirestore */; };
		51FBF91228F1F4A700C7FA45 /* FirebaseStorage in Frameworks */ = {isa = PBXBuildFile; productRef = 51FBF91128F1F4A700C7FA45 /* FirebaseStorage */; };
		51FBF91528F1F53A00C7FA45 /* FirebaseFirestore in Frameworks */ = {isa = PBXBuildFile; productRef = 51FBF91428F1F53A00C7FA45 /* FirebaseFirestore */; };
		51FBF91728F1F53A00C7FA45 /* FirebaseStorage in Frameworks */ = {isa = PBXBuildFile; productRef = 51FBF91628F1F53A00C7FA45 /* FirebaseStorage */; };
		51FF111C28D399AB00B0D334 /* AppDelegate.swift in Sources */ = {isa = PBXBuildFile; fileRef = 51FF111B28D399AB00B0D334 /* AppDelegate.swift */; };
		51FF111E28D399AB00B0D334 /* SceneDelegate.swift in Sources */ = {isa = PBXBuildFile; fileRef = 51FF111D28D399AB00B0D334 /* SceneDelegate.swift */; };
		51FF112528D399AE00B0D334 /* Assets.xcassets in Resources */ = {isa = PBXBuildFile; fileRef = 51FF112428D399AE00B0D334 /* Assets.xcassets */; };
		51FF112828D399AE00B0D334 /* LaunchScreen.storyboard in Resources */ = {isa = PBXBuildFile; fileRef = 51FF112628D399AE00B0D334 /* LaunchScreen.storyboard */; };
		51FF36A028D3AF6400BFF814 /* SnapKit in Frameworks */ = {isa = PBXBuildFile; productRef = 51FF369F28D3AF6400BFF814 /* SnapKit */; };
		51FF36A228D3B1B800BFF814 /* GoogleService-Info.plist in Resources */ = {isa = PBXBuildFile; fileRef = 51FF36A128D3B1B800BFF814 /* GoogleService-Info.plist */; };
		51FF36A528D3B4A200BFF814 /* FirebaseAuth in Frameworks */ = {isa = PBXBuildFile; productRef = 51FF36A428D3B4A200BFF814 /* FirebaseAuth */; };
		51FF36A728D3B4A200BFF814 /* FirebaseFirestore in Frameworks */ = {isa = PBXBuildFile; productRef = 51FF36A628D3B4A200BFF814 /* FirebaseFirestore */; };
		51FF36AD28D3B8EA00BFF814 /* AuthenticationViewController.swift in Sources */ = {isa = PBXBuildFile; fileRef = 51FF36AC28D3B8EA00BFF814 /* AuthenticationViewController.swift */; };
		51FF36AF28D3B90A00BFF814 /* AuthenticationView.swift in Sources */ = {isa = PBXBuildFile; fileRef = 51FF36AE28D3B90900BFF814 /* AuthenticationView.swift */; };
		51FF36B228D3BBFB00BFF814 /* UIViewExtension.swift in Sources */ = {isa = PBXBuildFile; fileRef = 51FF36B128D3BBFB00BFF814 /* UIViewExtension.swift */; };
		51FF36B428D3C9B400BFF814 /* AuthenticationViewModel.swift in Sources */ = {isa = PBXBuildFile; fileRef = 51FF36B328D3C9B300BFF814 /* AuthenticationViewModel.swift */; };
		51FF36B728D3CA4300BFF814 /* AppCoordinator.swift in Sources */ = {isa = PBXBuildFile; fileRef = 51FF36B628D3CA4300BFF814 /* AppCoordinator.swift */; };
		51FF36B928D3CB5500BFF814 /* ModuleFactory.swift in Sources */ = {isa = PBXBuildFile; fileRef = 51FF36B828D3CB5500BFF814 /* ModuleFactory.swift */; };
/* End PBXBuildFile section */

/* Begin PBXFileReference section */
		510612F928EC39100060112E /* SMSConfirmationViewController.swift */ = {isa = PBXFileReference; lastKnownFileType = sourcecode.swift; path = SMSConfirmationViewController.swift; sourceTree = "<group>"; };
		510612FB28EC39220060112E /* SMSConfirmationView.swift */ = {isa = PBXFileReference; lastKnownFileType = sourcecode.swift; path = SMSConfirmationView.swift; sourceTree = "<group>"; };
		510612FD28EC3A170060112E /* LogInViewModel.swift */ = {isa = PBXFileReference; lastKnownFileType = sourcecode.swift; path = LogInViewModel.swift; sourceTree = "<group>"; };
		510612FF28EC68AA0060112E /* SMSConfirmationTitleView.swift */ = {isa = PBXFileReference; lastKnownFileType = sourcecode.swift; path = SMSConfirmationTitleView.swift; sourceTree = "<group>"; };
		5106130128EC70790060112E /* SMSConfirmationTextFieldView.swift */ = {isa = PBXFileReference; lastKnownFileType = sourcecode.swift; path = SMSConfirmationTextFieldView.swift; sourceTree = "<group>"; };
		5106130328EC76B20060112E /* SMSConfirmationBottomView.swift */ = {isa = PBXFileReference; lastKnownFileType = sourcecode.swift; path = SMSConfirmationBottomView.swift; sourceTree = "<group>"; };
		5106130528EC816D0060112E /* UIStackViewExtension.swift */ = {isa = PBXFileReference; lastKnownFileType = sourcecode.swift; path = UIStackViewExtension.swift; sourceTree = "<group>"; };
		5106130728ECB0FC0060112E /* SMSConfirmationViewModel.swift */ = {isa = PBXFileReference; lastKnownFileType = sourcecode.swift; path = SMSConfirmationViewModel.swift; sourceTree = "<group>"; };
		511175C12901E4AF0037FF7D /* ProfileViewController.swift */ = {isa = PBXFileReference; lastKnownFileType = sourcecode.swift; path = ProfileViewController.swift; sourceTree = "<group>"; };
		511175C32901E4C80037FF7D /* ProfileView.swift */ = {isa = PBXFileReference; lastKnownFileType = sourcecode.swift; path = ProfileView.swift; sourceTree = "<group>"; };
		511175C52901E7DD0037FF7D /* ProfileTitleView.swift */ = {isa = PBXFileReference; lastKnownFileType = sourcecode.swift; path = ProfileTitleView.swift; sourceTree = "<group>"; };
		5123BE142921848300CAE758 /* FavouritesView.swift */ = {isa = PBXFileReference; lastKnownFileType = sourcecode.swift; path = FavouritesView.swift; sourceTree = "<group>"; };
		5123BE1629218D1300CAE758 /* FavouritesViewController.swift */ = {isa = PBXFileReference; lastKnownFileType = sourcecode.swift; path = FavouritesViewController.swift; sourceTree = "<group>"; };
		5123BE1829218EEC00CAE758 /* FavouritesCoordinator.swift */ = {isa = PBXFileReference; lastKnownFileType = sourcecode.swift; path = FavouritesCoordinator.swift; sourceTree = "<group>"; };
		5123BE1A29218FFC00CAE758 /* FavouritesViewModel.swift */ = {isa = PBXFileReference; lastKnownFileType = sourcecode.swift; path = FavouritesViewModel.swift; sourceTree = "<group>"; };
		5123BE1C292191DF00CAE758 /* FavouritesModelManager.swift */ = {isa = PBXFileReference; lastKnownFileType = sourcecode.swift; path = FavouritesModelManager.swift; sourceTree = "<group>"; };
		514664D9290086EE006B3EDE /* PostInfoView.swift */ = {isa = PBXFileReference; lastKnownFileType = sourcecode.swift; path = PostInfoView.swift; sourceTree = "<group>"; };
		514664DB29008702006B3EDE /* PostInfoViewController.swift */ = {isa = PBXFileReference; lastKnownFileType = sourcecode.swift; path = PostInfoViewController.swift; sourceTree = "<group>"; };
		514664DF29009CC7006B3EDE /* PostInfoTitleView.swift */ = {isa = PBXFileReference; lastKnownFileType = sourcecode.swift; path = PostInfoTitleView.swift; sourceTree = "<group>"; };
		514664E12900A14D006B3EDE /* PostInfoViewModel.swift */ = {isa = PBXFileReference; lastKnownFileType = sourcecode.swift; path = PostInfoViewModel.swift; sourceTree = "<group>"; };
		5149DB7728FF3ACD00D08EE2 /* NavigationCoordinatorProtocol.swift */ = {isa = PBXFileReference; lastKnownFileType = sourcecode.swift; path = NavigationCoordinatorProtocol.swift; sourceTree = "<group>"; };
		5149DB7928FF49C600D08EE2 /* DateExtension.swift */ = {isa = PBXFileReference; lastKnownFileType = sourcecode.swift; path = DateExtension.swift; sourceTree = "<group>"; };
		516A74D3291C4BB6009312A9 /* ProfileEditView.swift */ = {isa = PBXFileReference; lastKnownFileType = sourcecode.swift; path = ProfileEditView.swift; sourceTree = "<group>"; };
		516CCE5D2907ABC400DDB7D9 /* ProfilePhotosTableViewCell.swift */ = {isa = PBXFileReference; fileEncoding = 4; lastKnownFileType = sourcecode.swift; path = ProfilePhotosTableViewCell.swift; sourceTree = "<group>"; };
		516CCE5F2907C3F200DDB7D9 /* ProfileViewModel.swift */ = {isa = PBXFileReference; lastKnownFileType = sourcecode.swift; path = ProfileViewModel.swift; sourceTree = "<group>"; };
		5185D1DB28F4A6ED003595A6 /* FeedTableViewCellTitleView.swift */ = {isa = PBXFileReference; lastKnownFileType = sourcecode.swift; path = FeedTableViewCellTitleView.swift; sourceTree = "<group>"; };
		5185D1DD28F4A836003595A6 /* FeedTableViewCellPostView.swift */ = {isa = PBXFileReference; lastKnownFileType = sourcecode.swift; path = FeedTableViewCellPostView.swift; sourceTree = "<group>"; };
		5185D1DF28F4AA09003595A6 /* LikeFavouritesBottomView.swift */ = {isa = PBXFileReference; lastKnownFileType = sourcecode.swift; path = LikeFavouritesBottomView.swift; sourceTree = "<group>"; };
		519D580A2916F6B5005E3D4A /* ProfileCoordinator.swift */ = {isa = PBXFileReference; lastKnownFileType = sourcecode.swift; path = ProfileCoordinator.swift; sourceTree = "<group>"; };
		519D58102916FBF8005E3D4A /* PhotosViewController.swift */ = {isa = PBXFileReference; lastKnownFileType = sourcecode.swift; path = PhotosViewController.swift; sourceTree = "<group>"; };
		519D58122916FF49005E3D4A /* PhotosCollectionViewCell.swift */ = {isa = PBXFileReference; lastKnownFileType = sourcecode.swift; path = PhotosCollectionViewCell.swift; sourceTree = "<group>"; };
		519D5814291700C9005E3D4A /* PhotosView.swift */ = {isa = PBXFileReference; lastKnownFileType = sourcecode.swift; path = PhotosView.swift; sourceTree = "<group>"; };
		519D58162917022E005E3D4A /* PhotosViewModel.swift */ = {isa = PBXFileReference; lastKnownFileType = sourcecode.swift; path = PhotosViewModel.swift; sourceTree = "<group>"; };
		51AFAF1D28D8EDA70075DB21 /* LogInViewController.swift */ = {isa = PBXFileReference; lastKnownFileType = sourcecode.swift; path = LogInViewController.swift; sourceTree = "<group>"; };
		51AFAF1F28D8EDB50075DB21 /* LogInView.swift */ = {isa = PBXFileReference; lastKnownFileType = sourcecode.swift; path = LogInView.swift; sourceTree = "<group>"; };
		51AFAF2228D8EE880075DB21 /* UIColorExtension.swift */ = {isa = PBXFileReference; lastKnownFileType = sourcecode.swift; path = UIColorExtension.swift; sourceTree = "<group>"; };
		51CD697C290F251C007F0FF8 /* ProfilePhotosViewModel.swift */ = {isa = PBXFileReference; lastKnownFileType = sourcecode.swift; path = ProfilePhotosViewModel.swift; sourceTree = "<group>"; };
		51DD900D290739E70036B521 /* ProfileTitleSubInfoLabel.swift */ = {isa = PBXFileReference; lastKnownFileType = sourcecode.swift; path = ProfileTitleSubInfoLabel.swift; sourceTree = "<group>"; };
		51DD901029073E6F0036B521 /* ProfileTitleButton.swift */ = {isa = PBXFileReference; lastKnownFileType = sourcecode.swift; path = ProfileTitleButton.swift; sourceTree = "<group>"; };
		51E4E1E32919ABE7004DBCB4 /* ProfileModelManager.swift */ = {isa = PBXFileReference; lastKnownFileType = sourcecode.swift; path = ProfileModelManager.swift; sourceTree = "<group>"; };
		51E5919028EE0984001D4EC0 /* FeedViewController.swift */ = {isa = PBXFileReference; lastKnownFileType = sourcecode.swift; path = FeedViewController.swift; sourceTree = "<group>"; };
		51E5919228EE0A58001D4EC0 /* FeedView.swift */ = {isa = PBXFileReference; lastKnownFileType = sourcecode.swift; path = FeedView.swift; sourceTree = "<group>"; };
		51E5919428EE0B5B001D4EC0 /* FeedTableViewCell.swift */ = {isa = PBXFileReference; lastKnownFileType = sourcecode.swift; path = FeedTableViewCell.swift; sourceTree = "<group>"; };
		51E5CF2528FDEFD30098CAD0 /* CachedImageView.swift */ = {isa = PBXFileReference; lastKnownFileType = sourcecode.swift; path = CachedImageView.swift; sourceTree = "<group>"; };
		51E5CF2728FDFD8D0098CAD0 /* PostCollection.swift */ = {isa = PBXFileReference; lastKnownFileType = sourcecode.swift; path = PostCollection.swift; sourceTree = "<group>"; };
		51EA4EC328F9F1B500E6948B /* FeedCoordinator.swift */ = {isa = PBXFileReference; lastKnownFileType = sourcecode.swift; path = FeedCoordinator.swift; sourceTree = "<group>"; };
		51EA4EC528F9FE4100E6948B /* MainTabBarControllerViewController.swift */ = {isa = PBXFileReference; lastKnownFileType = sourcecode.swift; path = MainTabBarControllerViewController.swift; sourceTree = "<group>"; };
		51EC6A7028EF5AC6008BD2C7 /* FeedSectionView.swift */ = {isa = PBXFileReference; lastKnownFileType = sourcecode.swift; path = FeedSectionView.swift; sourceTree = "<group>"; };
		51EC6A7228EF62B1008BD2C7 /* UILabelWithPadding.swift */ = {isa = PBXFileReference; lastKnownFileType = sourcecode.swift; path = UILabelWithPadding.swift; sourceTree = "<group>"; };
		51FBF90628F1C77D00C7FA45 /* ItemsIdentifier.swift */ = {isa = PBXFileReference; lastKnownFileType = sourcecode.swift; path = ItemsIdentifier.swift; sourceTree = "<group>"; };
		51FBF90828F1E87500C7FA45 /* Post.swift */ = {isa = PBXFileReference; lastKnownFileType = sourcecode.swift; path = Post.swift; sourceTree = "<group>"; };
		51FBF90A28F1E89C00C7FA45 /* User.swift */ = {isa = PBXFileReference; lastKnownFileType = sourcecode.swift; path = User.swift; sourceTree = "<group>"; };
		51FBF90C28F1EAA600C7FA45 /* FeedViewModel.swift */ = {isa = PBXFileReference; lastKnownFileType = sourcecode.swift; path = FeedViewModel.swift; sourceTree = "<group>"; };
		51FF111828D399AB00B0D334 /* FriendsFeed.app */ = {isa = PBXFileReference; explicitFileType = wrapper.application; includeInIndex = 0; path = FriendsFeed.app; sourceTree = BUILT_PRODUCTS_DIR; };
		51FF111B28D399AB00B0D334 /* AppDelegate.swift */ = {isa = PBXFileReference; lastKnownFileType = sourcecode.swift; path = AppDelegate.swift; sourceTree = "<group>"; };
		51FF111D28D399AB00B0D334 /* SceneDelegate.swift */ = {isa = PBXFileReference; lastKnownFileType = sourcecode.swift; path = SceneDelegate.swift; sourceTree = "<group>"; };
		51FF112428D399AE00B0D334 /* Assets.xcassets */ = {isa = PBXFileReference; lastKnownFileType = folder.assetcatalog; path = Assets.xcassets; sourceTree = "<group>"; };
		51FF112728D399AE00B0D334 /* Base */ = {isa = PBXFileReference; lastKnownFileType = file.storyboard; name = Base; path = Base.lproj/LaunchScreen.storyboard; sourceTree = "<group>"; };
		51FF112928D399AE00B0D334 /* Info.plist */ = {isa = PBXFileReference; lastKnownFileType = text.plist.xml; path = Info.plist; sourceTree = "<group>"; };
		51FF36A128D3B1B800BFF814 /* GoogleService-Info.plist */ = {isa = PBXFileReference; fileEncoding = 4; lastKnownFileType = text.plist.xml; path = "GoogleService-Info.plist"; sourceTree = "<group>"; };
		51FF36AC28D3B8EA00BFF814 /* AuthenticationViewController.swift */ = {isa = PBXFileReference; lastKnownFileType = sourcecode.swift; path = AuthenticationViewController.swift; sourceTree = "<group>"; };
		51FF36AE28D3B90900BFF814 /* AuthenticationView.swift */ = {isa = PBXFileReference; lastKnownFileType = sourcecode.swift; path = AuthenticationView.swift; sourceTree = "<group>"; };
		51FF36B128D3BBFB00BFF814 /* UIViewExtension.swift */ = {isa = PBXFileReference; lastKnownFileType = sourcecode.swift; path = UIViewExtension.swift; sourceTree = "<group>"; };
		51FF36B328D3C9B300BFF814 /* AuthenticationViewModel.swift */ = {isa = PBXFileReference; lastKnownFileType = sourcecode.swift; path = AuthenticationViewModel.swift; sourceTree = "<group>"; };
		51FF36B628D3CA4300BFF814 /* AppCoordinator.swift */ = {isa = PBXFileReference; lastKnownFileType = sourcecode.swift; path = AppCoordinator.swift; sourceTree = "<group>"; };
		51FF36B828D3CB5500BFF814 /* ModuleFactory.swift */ = {isa = PBXFileReference; lastKnownFileType = sourcecode.swift; path = ModuleFactory.swift; sourceTree = "<group>"; };
/* End PBXFileReference section */

/* Begin PBXFrameworksBuildPhase section */
		51FF111528D399AB00B0D334 /* Frameworks */ = {
			isa = PBXFrameworksBuildPhase;
			buildActionMask = 2147483647;
			files = (
				51FF36A028D3AF6400BFF814 /* SnapKit in Frameworks */,
				51FBF91028F1F4A700C7FA45 /* FirebaseFirestore in Frameworks */,
				51FF36A528D3B4A200BFF814 /* FirebaseAuth in Frameworks */,
				51FBF91228F1F4A700C7FA45 /* FirebaseStorage in Frameworks */,
				51FBF91728F1F53A00C7FA45 /* FirebaseStorage in Frameworks */,
				51FF36A728D3B4A200BFF814 /* FirebaseFirestore in Frameworks */,
				51FBF91528F1F53A00C7FA45 /* FirebaseFirestore in Frameworks */,
			);
			runOnlyForDeploymentPostprocessing = 0;
		};
/* End PBXFrameworksBuildPhase section */

/* Begin PBXGroup section */
		510612F528EC38D00060112E /* SMSConfirmationModule */ = {
			isa = PBXGroup;
			children = (
				510612F828EC38E80060112E /* Model */,
				510612F728EC38E60060112E /* View */,
				510612F628EC38E40060112E /* ViewModel */,
			);
			path = SMSConfirmationModule;
			sourceTree = "<group>";
		};
		510612F628EC38E40060112E /* ViewModel */ = {
			isa = PBXGroup;
			children = (
				5106130728ECB0FC0060112E /* SMSConfirmationViewModel.swift */,
			);
			path = ViewModel;
			sourceTree = "<group>";
		};
		510612F728EC38E60060112E /* View */ = {
			isa = PBXGroup;
			children = (
				510612F928EC39100060112E /* SMSConfirmationViewController.swift */,
				510612FB28EC39220060112E /* SMSConfirmationView.swift */,
				510612FF28EC68AA0060112E /* SMSConfirmationTitleView.swift */,
				5106130128EC70790060112E /* SMSConfirmationTextFieldView.swift */,
				5106130328EC76B20060112E /* SMSConfirmationBottomView.swift */,
			);
			path = View;
			sourceTree = "<group>";
		};
		510612F828EC38E80060112E /* Model */ = {
			isa = PBXGroup;
			children = (
			);
			path = Model;
			sourceTree = "<group>";
		};
		511175BD2901E4720037FF7D /* ProfileModule */ = {
			isa = PBXGroup;
			children = (
				511175C02901E4870037FF7D /* Module */,
				511175BF2901E4860037FF7D /* View */,
				511175BE2901E4840037FF7D /* ViewModel */,
			);
			path = ProfileModule;
			sourceTree = "<group>";
		};
		511175BE2901E4840037FF7D /* ViewModel */ = {
			isa = PBXGroup;
			children = (
				516CCE5F2907C3F200DDB7D9 /* ProfileViewModel.swift */,
				51CD697C290F251C007F0FF8 /* ProfilePhotosViewModel.swift */,
			);
			path = ViewModel;
			sourceTree = "<group>";
		};
		511175BF2901E4860037FF7D /* View */ = {
			isa = PBXGroup;
			children = (
				511175C12901E4AF0037FF7D /* ProfileViewController.swift */,
				511175C32901E4C80037FF7D /* ProfileView.swift */,
				516CCE5D2907ABC400DDB7D9 /* ProfilePhotosTableViewCell.swift */,
				51DD900F29073BB50036B521 /* ProfileTitleView */,
			);
			path = View;
			sourceTree = "<group>";
		};
		511175C02901E4870037FF7D /* Module */ = {
			isa = PBXGroup;
			children = (
				51E4E1E32919ABE7004DBCB4 /* ProfileModelManager.swift */,
			);
			path = Module;
			sourceTree = "<group>";
		};
		5123BE10292180D300CAE758 /* FavouritesModule */ = {
			isa = PBXGroup;
			children = (
				5123BE13292180E400CAE758 /* Model */,
				5123BE12292180E200CAE758 /* View */,
				5123BE11292180E000CAE758 /* ViewModel */,
			);
			path = FavouritesModule;
			sourceTree = "<group>";
		};
		5123BE11292180E000CAE758 /* ViewModel */ = {
			isa = PBXGroup;
			children = (
				5123BE1A29218FFC00CAE758 /* FavouritesViewModel.swift */,
			);
			path = ViewModel;
			sourceTree = "<group>";
		};
		5123BE12292180E200CAE758 /* View */ = {
			isa = PBXGroup;
			children = (
				5123BE142921848300CAE758 /* FavouritesView.swift */,
				5123BE1629218D1300CAE758 /* FavouritesViewController.swift */,
			);
			path = View;
			sourceTree = "<group>";
		};
		5123BE13292180E400CAE758 /* Model */ = {
			isa = PBXGroup;
			children = (
				5123BE1C292191DF00CAE758 /* FavouritesModelManager.swift */,
			);
			path = Model;
			sourceTree = "<group>";
		};
		514664D5290082E1006B3EDE /* PostInfoModule */ = {
			isa = PBXGroup;
			children = (
				514664D8290082F4006B3EDE /* Model */,
				514664D7290082F2006B3EDE /* View */,
				514664D6290082ED006B3EDE /* ViewModel */,
			);
			path = PostInfoModule;
			sourceTree = "<group>";
		};
		514664D6290082ED006B3EDE /* ViewModel */ = {
			isa = PBXGroup;
			children = (
				514664E12900A14D006B3EDE /* PostInfoViewModel.swift */,
			);
			path = ViewModel;
			sourceTree = "<group>";
		};
		514664D7290082F2006B3EDE /* View */ = {
			isa = PBXGroup;
			children = (
				514664D9290086EE006B3EDE /* PostInfoView.swift */,
				514664DB29008702006B3EDE /* PostInfoViewController.swift */,
				514664DF29009CC7006B3EDE /* PostInfoTitleView.swift */,
			);
			path = View;
			sourceTree = "<group>";
		};
		514664D8290082F4006B3EDE /* Model */ = {
			isa = PBXGroup;
			children = (
			);
			path = Model;
			sourceTree = "<group>";
		};
		516A74CF291C4B6E009312A9 /* ProfileEditModule */ = {
			isa = PBXGroup;
			children = (
				516A74D2291C4B96009312A9 /* Model */,
				516A74D1291C4B93009312A9 /* View */,
				516A74D0291C4B91009312A9 /* ViewModel */,
			);
			path = ProfileEditModule;
			sourceTree = "<group>";
		};
		516A74D0291C4B91009312A9 /* ViewModel */ = {
			isa = PBXGroup;
			children = (
			);
			path = ViewModel;
			sourceTree = "<group>";
		};
		516A74D1291C4B93009312A9 /* View */ = {
			isa = PBXGroup;
			children = (
				516A74D3291C4BB6009312A9 /* ProfileEditView.swift */,
			);
			path = View;
			sourceTree = "<group>";
		};
		516A74D2291C4B96009312A9 /* Model */ = {
			isa = PBXGroup;
			children = (
			);
			path = Model;
			sourceTree = "<group>";
		};
		5185D1DA28F4A6BA003595A6 /* FeedTableViewCell */ = {
			isa = PBXGroup;
			children = (
				51E5919428EE0B5B001D4EC0 /* FeedTableViewCell.swift */,
				5185D1DB28F4A6ED003595A6 /* FeedTableViewCellTitleView.swift */,
				5185D1DD28F4A836003595A6 /* FeedTableViewCellPostView.swift */,
			);
			path = FeedTableViewCell;
			sourceTree = "<group>";
		};
		519D580C2916FBBF005E3D4A /* PhotosModule */ = {
			isa = PBXGroup;
			children = (
				519D580F2916FBD0005E3D4A /* Model */,
				519D580E2916FBCE005E3D4A /* View */,
				519D580D2916FBCD005E3D4A /* ViewModel */,
			);
			path = PhotosModule;
			sourceTree = "<group>";
		};
		519D580D2916FBCD005E3D4A /* ViewModel */ = {
			isa = PBXGroup;
			children = (
				519D58162917022E005E3D4A /* PhotosViewModel.swift */,
			);
			path = ViewModel;
			sourceTree = "<group>";
		};
		519D580E2916FBCE005E3D4A /* View */ = {
			isa = PBXGroup;
			children = (
				519D58102916FBF8005E3D4A /* PhotosViewController.swift */,
				519D58122916FF49005E3D4A /* PhotosCollectionViewCell.swift */,
				519D5814291700C9005E3D4A /* PhotosView.swift */,
			);
			path = View;
			sourceTree = "<group>";
		};
		519D580F2916FBD0005E3D4A /* Model */ = {
			isa = PBXGroup;
			children = (
			);
			path = Model;
			sourceTree = "<group>";
		};
		51AFAF1928D8ED780075DB21 /* LogInModule */ = {
			isa = PBXGroup;
			children = (
				51AFAF1C28D8ED920075DB21 /* Model */,
				51AFAF1B28D8ED8C0075DB21 /* View */,
				51AFAF1A28D8ED840075DB21 /* ViewModel */,
			);
			path = LogInModule;
			sourceTree = "<group>";
		};
		51AFAF1A28D8ED840075DB21 /* ViewModel */ = {
			isa = PBXGroup;
			children = (
				510612FD28EC3A170060112E /* LogInViewModel.swift */,
			);
			path = ViewModel;
			sourceTree = "<group>";
		};
		51AFAF1B28D8ED8C0075DB21 /* View */ = {
			isa = PBXGroup;
			children = (
				51AFAF1D28D8EDA70075DB21 /* LogInViewController.swift */,
				51AFAF1F28D8EDB50075DB21 /* LogInView.swift */,
			);
			path = View;
			sourceTree = "<group>";
		};
		51AFAF1C28D8ED920075DB21 /* Model */ = {
			isa = PBXGroup;
			children = (
			);
			path = Model;
			sourceTree = "<group>";
		};
		51AFAF2128D8EE3C0075DB21 /* SupportObjects */ = {
			isa = PBXGroup;
			children = (
			);
			name = SupportObjects;
			sourceTree = "<group>";
		};
		51DD900F29073BB50036B521 /* ProfileTitleView */ = {
			isa = PBXGroup;
			children = (
				511175C52901E7DD0037FF7D /* ProfileTitleView.swift */,
				51DD900D290739E70036B521 /* ProfileTitleSubInfoLabel.swift */,
				51DD901029073E6F0036B521 /* ProfileTitleButton.swift */,
			);
			path = ProfileTitleView;
			sourceTree = "<group>";
		};
		51E5918C28EE092D001D4EC0 /* FeedModule */ = {
			isa = PBXGroup;
			children = (
				51E5918F28EE0948001D4EC0 /* Model */,
				51E5918E28EE0947001D4EC0 /* View */,
				51E5918D28EE0945001D4EC0 /* ViewModel */,
			);
			path = FeedModule;
			sourceTree = "<group>";
		};
		51E5918D28EE0945001D4EC0 /* ViewModel */ = {
			isa = PBXGroup;
			children = (
				51FBF90C28F1EAA600C7FA45 /* FeedViewModel.swift */,
			);
			path = ViewModel;
			sourceTree = "<group>";
		};
		51E5918E28EE0947001D4EC0 /* View */ = {
			isa = PBXGroup;
			children = (
				51E5919028EE0984001D4EC0 /* FeedViewController.swift */,
				51E5919228EE0A58001D4EC0 /* FeedView.swift */,
				5185D1DA28F4A6BA003595A6 /* FeedTableViewCell */,
				51EC6A7028EF5AC6008BD2C7 /* FeedSectionView.swift */,
			);
			path = View;
			sourceTree = "<group>";
		};
		51E5918F28EE0948001D4EC0 /* Model */ = {
			isa = PBXGroup;
			children = (
				51FBF90828F1E87500C7FA45 /* Post.swift */,
				51FBF90A28F1E89C00C7FA45 /* User.swift */,
				51E5CF2728FDFD8D0098CAD0 /* PostCollection.swift */,
			);
			path = Model;
			sourceTree = "<group>";
		};
		51EA4EC228F9F19F00E6948B /* Coordinators */ = {
			isa = PBXGroup;
			children = (
				5149DB7728FF3ACD00D08EE2 /* NavigationCoordinatorProtocol.swift */,
				51FF36B628D3CA4300BFF814 /* AppCoordinator.swift */,
				51EA4EC328F9F1B500E6948B /* FeedCoordinator.swift */,
				519D580A2916F6B5005E3D4A /* ProfileCoordinator.swift */,
				5123BE1829218EEC00CAE758 /* FavouritesCoordinator.swift */,
			);
			path = Coordinators;
			sourceTree = "<group>";
		};
		51FF110F28D399AB00B0D334 = {
			isa = PBXGroup;
			children = (
				51FF111A28D399AB00B0D334 /* FriendsFeed */,
				51FF111928D399AB00B0D334 /* Products */,
			);
			sourceTree = "<group>";
		};
		51FF111928D399AB00B0D334 /* Products */ = {
			isa = PBXGroup;
			children = (
				51FF111828D399AB00B0D334 /* FriendsFeed.app */,
			);
			name = Products;
			sourceTree = "<group>";
		};
		51FF111A28D399AB00B0D334 /* FriendsFeed */ = {
			isa = PBXGroup;
			children = (
				51AFAF2128D8EE3C0075DB21 /* SupportObjects */,
				51FF36B528D3CA1300BFF814 /* Services */,
				51FF36B028D3BBE800BFF814 /* Extensions */,
				51FF36A828D3B8A800BFF814 /* AuthenticationModule */,
				51AFAF1928D8ED780075DB21 /* LogInModule */,
				510612F528EC38D00060112E /* SMSConfirmationModule */,
				51E5918C28EE092D001D4EC0 /* FeedModule */,
				514664D5290082E1006B3EDE /* PostInfoModule */,
				511175BD2901E4720037FF7D /* ProfileModule */,
				519D580C2916FBBF005E3D4A /* PhotosModule */,
				516A74CF291C4B6E009312A9 /* ProfileEditModule */,
				5123BE10292180D300CAE758 /* FavouritesModule */,
				5185D1DF28F4AA09003595A6 /* LikeFavouritesBottomView.swift */,
				51EA4EC528F9FE4100E6948B /* MainTabBarControllerViewController.swift */,
				51FF111B28D399AB00B0D334 /* AppDelegate.swift */,
				51FF111D28D399AB00B0D334 /* SceneDelegate.swift */,
				51FF112428D399AE00B0D334 /* Assets.xcassets */,
				51FF112628D399AE00B0D334 /* LaunchScreen.storyboard */,
				51FF36A128D3B1B800BFF814 /* GoogleService-Info.plist */,
				51FF112928D399AE00B0D334 /* Info.plist */,
			);
			path = FriendsFeed;
			sourceTree = "<group>";
		};
		51FF36A828D3B8A800BFF814 /* AuthenticationModule */ = {
			isa = PBXGroup;
			children = (
				51FF36AB28D3B8CD00BFF814 /* Model */,
				51FF36AA28D3B8C800BFF814 /* View */,
				51FF36A928D3B8B400BFF814 /* ViewModel */,
			);
			path = AuthenticationModule;
			sourceTree = "<group>";
		};
		51FF36A928D3B8B400BFF814 /* ViewModel */ = {
			isa = PBXGroup;
			children = (
				51FF36B328D3C9B300BFF814 /* AuthenticationViewModel.swift */,
			);
			name = ViewModel;
			sourceTree = "<group>";
		};
		51FF36AA28D3B8C800BFF814 /* View */ = {
			isa = PBXGroup;
			children = (
				51FF36AC28D3B8EA00BFF814 /* AuthenticationViewController.swift */,
				51FF36AE28D3B90900BFF814 /* AuthenticationView.swift */,
			);
			name = View;
			sourceTree = "<group>";
		};
		51FF36AB28D3B8CD00BFF814 /* Model */ = {
			isa = PBXGroup;
			children = (
			);
			name = Model;
			sourceTree = "<group>";
		};
		51FF36B028D3BBE800BFF814 /* Extensions */ = {
			isa = PBXGroup;
			children = (
				51FF36B128D3BBFB00BFF814 /* UIViewExtension.swift */,
				51AFAF2228D8EE880075DB21 /* UIColorExtension.swift */,
				5106130528EC816D0060112E /* UIStackViewExtension.swift */,
				5149DB7928FF49C600D08EE2 /* DateExtension.swift */,
			);
			path = Extensions;
			sourceTree = "<group>";
		};
		51FF36B528D3CA1300BFF814 /* Services */ = {
			isa = PBXGroup;
			children = (
				51EA4EC228F9F19F00E6948B /* Coordinators */,
				51FF36B828D3CB5500BFF814 /* ModuleFactory.swift */,
				51EC6A7228EF62B1008BD2C7 /* UILabelWithPadding.swift */,
				51FBF90628F1C77D00C7FA45 /* ItemsIdentifier.swift */,
				51E5CF2528FDEFD30098CAD0 /* CachedImageView.swift */,
			);
			path = Services;
			sourceTree = "<group>";
		};
/* End PBXGroup section */

/* Begin PBXNativeTarget section */
		51FF111728D399AB00B0D334 /* FriendsFeed */ = {
			isa = PBXNativeTarget;
			buildConfigurationList = 51FF112C28D399AE00B0D334 /* Build configuration list for PBXNativeTarget "FriendsFeed" */;
			buildPhases = (
				51FF111428D399AB00B0D334 /* Sources */,
				51FF111528D399AB00B0D334 /* Frameworks */,
				51FF111628D399AB00B0D334 /* Resources */,
				516564DF2923980C001A60A2 /* ShellScript */,
			);
			buildRules = (
			);
			dependencies = (
			);
			name = FriendsFeed;
			packageProductDependencies = (
				51FF369F28D3AF6400BFF814 /* SnapKit */,
				51FF36A428D3B4A200BFF814 /* FirebaseAuth */,
				51FF36A628D3B4A200BFF814 /* FirebaseFirestore */,
				51FBF90F28F1F4A700C7FA45 /* FirebaseFirestore */,
				51FBF91128F1F4A700C7FA45 /* FirebaseStorage */,
				51FBF91428F1F53A00C7FA45 /* FirebaseFirestore */,
				51FBF91628F1F53A00C7FA45 /* FirebaseStorage */,
			);
			productName = FriendsFeed;
			productReference = 51FF111828D399AB00B0D334 /* FriendsFeed.app */;
			productType = "com.apple.product-type.application";
		};
/* End PBXNativeTarget section */

/* Begin PBXProject section */
		51FF111028D399AB00B0D334 /* Project object */ = {
			isa = PBXProject;
			attributes = {
				BuildIndependentTargetsInParallel = 1;
				LastSwiftUpdateCheck = 1340;
				LastUpgradeCheck = 1340;
				TargetAttributes = {
					51FF111728D399AB00B0D334 = {
						CreatedOnToolsVersion = 13.4.1;
					};
				};
			};
			buildConfigurationList = 51FF111328D399AB00B0D334 /* Build configuration list for PBXProject "FriendsFeed" */;
			compatibilityVersion = "Xcode 13.0";
			developmentRegion = en;
			hasScannedForEncodings = 0;
			knownRegions = (
				en,
				Base,
			);
			mainGroup = 51FF110F28D399AB00B0D334;
			packageReferences = (
				51FF369E28D3AF6300BFF814 /* XCRemoteSwiftPackageReference "SnapKit" */,
				51FF36A328D3B4A200BFF814 /* XCRemoteSwiftPackageReference "firebase-ios-sdk" */,
				51FBF90E28F1F4A700C7FA45 /* XCRemoteSwiftPackageReference "firebase-ios-sdk" */,
				51FBF91328F1F53A00C7FA45 /* XCRemoteSwiftPackageReference "firebase-ios-sdk" */,
			);
			productRefGroup = 51FF111928D399AB00B0D334 /* Products */;
			projectDirPath = "";
			projectRoot = "";
			targets = (
				51FF111728D399AB00B0D334 /* FriendsFeed */,
			);
		};
/* End PBXProject section */

/* Begin PBXResourcesBuildPhase section */
		51FF111628D399AB00B0D334 /* Resources */ = {
			isa = PBXResourcesBuildPhase;
			buildActionMask = 2147483647;
			files = (
				51FF112828D399AE00B0D334 /* LaunchScreen.storyboard in Resources */,
				51FF112528D399AE00B0D334 /* Assets.xcassets in Resources */,
				51FF36A228D3B1B800BFF814 /* GoogleService-Info.plist in Resources */,
			);
			runOnlyForDeploymentPostprocessing = 0;
		};
/* End PBXResourcesBuildPhase section */

/* Begin PBXShellScriptBuildPhase section */
		516564DF2923980C001A60A2 /* ShellScript */ = {
			isa = PBXShellScriptBuildPhase;
			alwaysOutOfDate = 1;
			buildActionMask = 2147483647;
			files = (
			);
			inputFileListPaths = (
			);
			inputPaths = (
			);
			outputFileListPaths = (
			);
			outputPaths = (
			);
			runOnlyForDeploymentPostprocessing = 0;
			shellPath = /bin/sh;
			shellScript = "# Type a script or drag a script file from your workspace to insert its path.\nexport PATH=\"$PATH:/opt/homebrew/bin\"\nif which swiftlint > /dev/null; then\n  swiftlint\nelse\n  echo \"warning: SwiftLint not installed, download from https://github.com/realm/SwiftLint\"\nfi\n";
		};
/* End PBXShellScriptBuildPhase section */

/* Begin PBXSourcesBuildPhase section */
		51FF111428D399AB00B0D334 /* Sources */ = {
			isa = PBXSourcesBuildPhase;
			buildActionMask = 2147483647;
			files = (
				51AFAF2028D8EDB50075DB21 /* LogInView.swift in Sources */,
				519D58112916FBF8005E3D4A /* PhotosViewController.swift in Sources */,
				5123BE1929218EEC00CAE758 /* FavouritesCoordinator.swift in Sources */,
				519D58172917022E005E3D4A /* PhotosViewModel.swift in Sources */,
				5106130828ECB0FC0060112E /* SMSConfirmationViewModel.swift in Sources */,
				510612FE28EC3A170060112E /* LogInViewModel.swift in Sources */,
				5106130028EC68AB0060112E /* SMSConfirmationTitleView.swift in Sources */,
				519D5815291700C9005E3D4A /* PhotosView.swift in Sources */,
				519D580B2916F6B5005E3D4A /* ProfileCoordinator.swift in Sources */,
				51DD900E290739E70036B521 /* ProfileTitleSubInfoLabel.swift in Sources */,
				514664E22900A14D006B3EDE /* PostInfoViewModel.swift in Sources */,
				51E5CF2628FDEFD30098CAD0 /* CachedImageView.swift in Sources */,
				5185D1DE28F4A836003595A6 /* FeedTableViewCellPostView.swift in Sources */,
				5185D1DC28F4A6ED003595A6 /* FeedTableViewCellTitleView.swift in Sources */,
				51E5919328EE0A58001D4EC0 /* FeedView.swift in Sources */,
				51FBF90D28F1EAA600C7FA45 /* FeedViewModel.swift in Sources */,
				5149DB7A28FF49C600D08EE2 /* DateExtension.swift in Sources */,
				51FF36B228D3BBFB00BFF814 /* UIViewExtension.swift in Sources */,
				5185D1E028F4AA09003595A6 /* LikeFavouritesBottomView.swift in Sources */,
				514664DC29008702006B3EDE /* PostInfoViewController.swift in Sources */,
				514664DA290086EE006B3EDE /* PostInfoView.swift in Sources */,
				51E5919128EE0984001D4EC0 /* FeedViewController.swift in Sources */,
				51FF36B928D3CB5500BFF814 /* ModuleFactory.swift in Sources */,
				51AFAF1E28D8EDA70075DB21 /* LogInViewController.swift in Sources */,
				5106130228EC70790060112E /* SMSConfirmationTextFieldView.swift in Sources */,
				510612FA28EC39100060112E /* SMSConfirmationViewController.swift in Sources */,
				511175C42901E4C80037FF7D /* ProfileView.swift in Sources */,
				5106130428EC76B20060112E /* SMSConfirmationBottomView.swift in Sources */,
				51E5CF2828FDFD8D0098CAD0 /* PostCollection.swift in Sources */,
				51FBF90B28F1E89C00C7FA45 /* User.swift in Sources */,
				51FF36AD28D3B8EA00BFF814 /* AuthenticationViewController.swift in Sources */,
				5149DB7828FF3ACD00D08EE2 /* NavigationCoordinatorProtocol.swift in Sources */,
				51EA4EC428F9F1B500E6948B /* FeedCoordinator.swift in Sources */,
				51FF36B428D3C9B400BFF814 /* AuthenticationViewModel.swift in Sources */,
				51E4E1E42919ABE7004DBCB4 /* ProfileModelManager.swift in Sources */,
				5106130628EC816D0060112E /* UIStackViewExtension.swift in Sources */,
				51FF36B728D3CA4300BFF814 /* AppCoordinator.swift in Sources */,
				51CD697D290F251C007F0FF8 /* ProfilePhotosViewModel.swift in Sources */,
				51FF111C28D399AB00B0D334 /* AppDelegate.swift in Sources */,
				51AFAF2328D8EE880075DB21 /* UIColorExtension.swift in Sources */,
				51EC6A7328EF62B1008BD2C7 /* UILabelWithPadding.swift in Sources */,
				511175C62901E7DD0037FF7D /* ProfileTitleView.swift in Sources */,
				51FBF90928F1E87500C7FA45 /* Post.swift in Sources */,
				516CCE5E2907ABC400DDB7D9 /* ProfilePhotosTableViewCell.swift in Sources */,
				51EC6A7128EF5AC6008BD2C7 /* FeedSectionView.swift in Sources */,
				51FF111E28D399AB00B0D334 /* SceneDelegate.swift in Sources */,
				510612FC28EC39220060112E /* SMSConfirmationView.swift in Sources */,
				5123BE1B29218FFC00CAE758 /* FavouritesViewModel.swift in Sources */,
				516CCE602907C3F200DDB7D9 /* ProfileViewModel.swift in Sources */,
				5123BE152921848300CAE758 /* FavouritesView.swift in Sources */,
				5123BE1729218D1300CAE758 /* FavouritesViewController.swift in Sources */,
				51FF36AF28D3B90A00BFF814 /* AuthenticationView.swift in Sources */,
				5123BE1D292191DF00CAE758 /* FavouritesModelManager.swift in Sources */,
				519D58132916FF4A005E3D4A /* PhotosCollectionViewCell.swift in Sources */,
				51E5919528EE0B5B001D4EC0 /* FeedTableViewCell.swift in Sources */,
				51DD901129073E6F0036B521 /* ProfileTitleButton.swift in Sources */,
				516A74D4291C4BB6009312A9 /* ProfileEditView.swift in Sources */,
				51FBF90728F1C77D00C7FA45 /* ItemsIdentifier.swift in Sources */,
				511175C22901E4AF0037FF7D /* ProfileViewController.swift in Sources */,
				514664E029009CC7006B3EDE /* PostInfoTitleView.swift in Sources */,
				51EA4EC628F9FE4100E6948B /* MainTabBarControllerViewController.swift in Sources */,
			);
			runOnlyForDeploymentPostprocessing = 0;
		};
/* End PBXSourcesBuildPhase section */

/* Begin PBXVariantGroup section */
		51FF112628D399AE00B0D334 /* LaunchScreen.storyboard */ = {
			isa = PBXVariantGroup;
			children = (
				51FF112728D399AE00B0D334 /* Base */,
			);
			name = LaunchScreen.storyboard;
			sourceTree = "<group>";
		};
/* End PBXVariantGroup section */

/* Begin XCBuildConfiguration section */
		51FF112A28D399AE00B0D334 /* Debug */ = {
			isa = XCBuildConfiguration;
			buildSettings = {
				ALWAYS_SEARCH_USER_PATHS = NO;
				CLANG_ANALYZER_NONNULL = YES;
				CLANG_ANALYZER_NUMBER_OBJECT_CONVERSION = YES_AGGRESSIVE;
				CLANG_CXX_LANGUAGE_STANDARD = "gnu++17";
				CLANG_ENABLE_MODULES = YES;
				CLANG_ENABLE_OBJC_ARC = YES;
				CLANG_ENABLE_OBJC_WEAK = YES;
				CLANG_WARN_BLOCK_CAPTURE_AUTORELEASING = YES;
				CLANG_WARN_BOOL_CONVERSION = YES;
				CLANG_WARN_COMMA = YES;
				CLANG_WARN_CONSTANT_CONVERSION = YES;
				CLANG_WARN_DEPRECATED_OBJC_IMPLEMENTATIONS = YES;
				CLANG_WARN_DIRECT_OBJC_ISA_USAGE = YES_ERROR;
				CLANG_WARN_DOCUMENTATION_COMMENTS = YES;
				CLANG_WARN_EMPTY_BODY = YES;
				CLANG_WARN_ENUM_CONVERSION = YES;
				CLANG_WARN_INFINITE_RECURSION = YES;
				CLANG_WARN_INT_CONVERSION = YES;
				CLANG_WARN_NON_LITERAL_NULL_CONVERSION = YES;
				CLANG_WARN_OBJC_IMPLICIT_RETAIN_SELF = YES;
				CLANG_WARN_OBJC_LITERAL_CONVERSION = YES;
				CLANG_WARN_OBJC_ROOT_CLASS = YES_ERROR;
				CLANG_WARN_QUOTED_INCLUDE_IN_FRAMEWORK_HEADER = YES;
				CLANG_WARN_RANGE_LOOP_ANALYSIS = YES;
				CLANG_WARN_STRICT_PROTOTYPES = YES;
				CLANG_WARN_SUSPICIOUS_MOVE = YES;
				CLANG_WARN_UNGUARDED_AVAILABILITY = YES_AGGRESSIVE;
				CLANG_WARN_UNREACHABLE_CODE = YES;
				CLANG_WARN__DUPLICATE_METHOD_MATCH = YES;
				COPY_PHASE_STRIP = NO;
				DEBUG_INFORMATION_FORMAT = dwarf;
				ENABLE_STRICT_OBJC_MSGSEND = YES;
				ENABLE_TESTABILITY = YES;
				GCC_C_LANGUAGE_STANDARD = gnu11;
				GCC_DYNAMIC_NO_PIC = NO;
				GCC_NO_COMMON_BLOCKS = YES;
				GCC_OPTIMIZATION_LEVEL = 0;
				GCC_PREPROCESSOR_DEFINITIONS = (
					"DEBUG=1",
					"$(inherited)",
				);
				GCC_WARN_64_TO_32_BIT_CONVERSION = YES;
				GCC_WARN_ABOUT_RETURN_TYPE = YES_ERROR;
				GCC_WARN_UNDECLARED_SELECTOR = YES;
				GCC_WARN_UNINITIALIZED_AUTOS = YES_AGGRESSIVE;
				GCC_WARN_UNUSED_FUNCTION = YES;
				GCC_WARN_UNUSED_VARIABLE = YES;
				IPHONEOS_DEPLOYMENT_TARGET = 13.0;
				MTL_ENABLE_DEBUG_INFO = INCLUDE_SOURCE;
				MTL_FAST_MATH = YES;
				ONLY_ACTIVE_ARCH = YES;
				SDKROOT = iphoneos;
				SWIFT_ACTIVE_COMPILATION_CONDITIONS = DEBUG;
				SWIFT_OPTIMIZATION_LEVEL = "-Onone";
			};
			name = Debug;
		};
		51FF112B28D399AE00B0D334 /* Release */ = {
			isa = XCBuildConfiguration;
			buildSettings = {
				ALWAYS_SEARCH_USER_PATHS = NO;
				CLANG_ANALYZER_NONNULL = YES;
				CLANG_ANALYZER_NUMBER_OBJECT_CONVERSION = YES_AGGRESSIVE;
				CLANG_CXX_LANGUAGE_STANDARD = "gnu++17";
				CLANG_ENABLE_MODULES = YES;
				CLANG_ENABLE_OBJC_ARC = YES;
				CLANG_ENABLE_OBJC_WEAK = YES;
				CLANG_WARN_BLOCK_CAPTURE_AUTORELEASING = YES;
				CLANG_WARN_BOOL_CONVERSION = YES;
				CLANG_WARN_COMMA = YES;
				CLANG_WARN_CONSTANT_CONVERSION = YES;
				CLANG_WARN_DEPRECATED_OBJC_IMPLEMENTATIONS = YES;
				CLANG_WARN_DIRECT_OBJC_ISA_USAGE = YES_ERROR;
				CLANG_WARN_DOCUMENTATION_COMMENTS = YES;
				CLANG_WARN_EMPTY_BODY = YES;
				CLANG_WARN_ENUM_CONVERSION = YES;
				CLANG_WARN_INFINITE_RECURSION = YES;
				CLANG_WARN_INT_CONVERSION = YES;
				CLANG_WARN_NON_LITERAL_NULL_CONVERSION = YES;
				CLANG_WARN_OBJC_IMPLICIT_RETAIN_SELF = YES;
				CLANG_WARN_OBJC_LITERAL_CONVERSION = YES;
				CLANG_WARN_OBJC_ROOT_CLASS = YES_ERROR;
				CLANG_WARN_QUOTED_INCLUDE_IN_FRAMEWORK_HEADER = YES;
				CLANG_WARN_RANGE_LOOP_ANALYSIS = YES;
				CLANG_WARN_STRICT_PROTOTYPES = YES;
				CLANG_WARN_SUSPICIOUS_MOVE = YES;
				CLANG_WARN_UNGUARDED_AVAILABILITY = YES_AGGRESSIVE;
				CLANG_WARN_UNREACHABLE_CODE = YES;
				CLANG_WARN__DUPLICATE_METHOD_MATCH = YES;
				COPY_PHASE_STRIP = NO;
				DEBUG_INFORMATION_FORMAT = "dwarf-with-dsym";
				ENABLE_NS_ASSERTIONS = NO;
				ENABLE_STRICT_OBJC_MSGSEND = YES;
				GCC_C_LANGUAGE_STANDARD = gnu11;
				GCC_NO_COMMON_BLOCKS = YES;
				GCC_WARN_64_TO_32_BIT_CONVERSION = YES;
				GCC_WARN_ABOUT_RETURN_TYPE = YES_ERROR;
				GCC_WARN_UNDECLARED_SELECTOR = YES;
				GCC_WARN_UNINITIALIZED_AUTOS = YES_AGGRESSIVE;
				GCC_WARN_UNUSED_FUNCTION = YES;
				GCC_WARN_UNUSED_VARIABLE = YES;
				IPHONEOS_DEPLOYMENT_TARGET = 13.0;
				MTL_ENABLE_DEBUG_INFO = NO;
				MTL_FAST_MATH = YES;
				SDKROOT = iphoneos;
				SWIFT_COMPILATION_MODE = wholemodule;
				SWIFT_OPTIMIZATION_LEVEL = "-O";
				VALIDATE_PRODUCT = YES;
			};
			name = Release;
		};
		51FF112D28D399AE00B0D334 /* Debug */ = {
			isa = XCBuildConfiguration;
			buildSettings = {
				ASSETCATALOG_COMPILER_APPICON_NAME = AppIcon;
				ASSETCATALOG_COMPILER_GLOBAL_ACCENT_COLOR_NAME = AccentColor;
				CODE_SIGN_IDENTITY = "Apple Development";
				CODE_SIGN_STYLE = Automatic;
				CURRENT_PROJECT_VERSION = 1;
				DEVELOPMENT_TEAM = F26DHS538R;
				GENERATE_INFOPLIST_FILE = YES;
				INFOPLIST_FILE = FriendsFeed/Info.plist;
				INFOPLIST_KEY_UIApplicationSupportsIndirectInputEvents = YES;
				INFOPLIST_KEY_UILaunchStoryboardName = LaunchScreen;
				INFOPLIST_KEY_UISupportedInterfaceOrientations_iPad = "UIInterfaceOrientationPortrait UIInterfaceOrientationPortraitUpsideDown UIInterfaceOrientationLandscapeLeft UIInterfaceOrientationLandscapeRight";
				INFOPLIST_KEY_UISupportedInterfaceOrientations_iPhone = UIInterfaceOrientationPortrait;
				IPHONEOS_DEPLOYMENT_TARGET = 13.0;
				LD_RUNPATH_SEARCH_PATHS = (
					"$(inherited)",
					"@executable_path/Frameworks",
				);
				MARKETING_VERSION = 1.0;
				PRODUCT_BUNDLE_IDENTIFIER = com.MichaelK.FriendsFeed;
				PRODUCT_NAME = "$(TARGET_NAME)";
				PROVISIONING_PROFILE_SPECIFIER = "";
				SWIFT_EMIT_LOC_STRINGS = YES;
				SWIFT_VERSION = 5.0;
				TARGETED_DEVICE_FAMILY = "1,2";
			};
			name = Debug;
		};
		51FF112E28D399AE00B0D334 /* Release */ = {
			isa = XCBuildConfiguration;
			buildSettings = {
				ASSETCATALOG_COMPILER_APPICON_NAME = AppIcon;
				ASSETCATALOG_COMPILER_GLOBAL_ACCENT_COLOR_NAME = AccentColor;
				CODE_SIGN_IDENTITY = "Apple Development";
				CODE_SIGN_STYLE = Automatic;
				CURRENT_PROJECT_VERSION = 1;
				DEVELOPMENT_TEAM = F26DHS538R;
				GENERATE_INFOPLIST_FILE = YES;
				INFOPLIST_FILE = FriendsFeed/Info.plist;
				INFOPLIST_KEY_UIApplicationSupportsIndirectInputEvents = YES;
				INFOPLIST_KEY_UILaunchStoryboardName = LaunchScreen;
				INFOPLIST_KEY_UISupportedInterfaceOrientations_iPad = "UIInterfaceOrientationPortrait UIInterfaceOrientationPortraitUpsideDown UIInterfaceOrientationLandscapeLeft UIInterfaceOrientationLandscapeRight";
				INFOPLIST_KEY_UISupportedInterfaceOrientations_iPhone = UIInterfaceOrientationPortrait;
				IPHONEOS_DEPLOYMENT_TARGET = 13.0;
				LD_RUNPATH_SEARCH_PATHS = (
					"$(inherited)",
					"@executable_path/Frameworks",
				);
				MARKETING_VERSION = 1.0;
				PRODUCT_BUNDLE_IDENTIFIER = com.MichaelK.FriendsFeed;
				PRODUCT_NAME = "$(TARGET_NAME)";
				PROVISIONING_PROFILE_SPECIFIER = "";
				SWIFT_EMIT_LOC_STRINGS = YES;
				SWIFT_VERSION = 5.0;
				TARGETED_DEVICE_FAMILY = "1,2";
			};
			name = Release;
		};
/* End XCBuildConfiguration section */

/* Begin XCConfigurationList section */
		51FF111328D399AB00B0D334 /* Build configuration list for PBXProject "FriendsFeed" */ = {
			isa = XCConfigurationList;
			buildConfigurations = (
				51FF112A28D399AE00B0D334 /* Debug */,
				51FF112B28D399AE00B0D334 /* Release */,
			);
			defaultConfigurationIsVisible = 0;
			defaultConfigurationName = Release;
		};
		51FF112C28D399AE00B0D334 /* Build configuration list for PBXNativeTarget "FriendsFeed" */ = {
			isa = XCConfigurationList;
			buildConfigurations = (
				51FF112D28D399AE00B0D334 /* Debug */,
				51FF112E28D399AE00B0D334 /* Release */,
			);
			defaultConfigurationIsVisible = 0;
			defaultConfigurationName = Release;
		};
/* End XCConfigurationList section */

/* Begin XCRemoteSwiftPackageReference section */
		51FBF90E28F1F4A700C7FA45 /* XCRemoteSwiftPackageReference "firebase-ios-sdk" */ = {
			isa = XCRemoteSwiftPackageReference;
			repositoryURL = "https://github.com/firebase/firebase-ios-sdk";
			requirement = {
				kind = upToNextMajorVersion;
				minimumVersion = 9.0.0;
			};
		};
		51FBF91328F1F53A00C7FA45 /* XCRemoteSwiftPackageReference "firebase-ios-sdk" */ = {
			isa = XCRemoteSwiftPackageReference;
			repositoryURL = "https://github.com/firebase/firebase-ios-sdk";
			requirement = {
				kind = upToNextMajorVersion;
				minimumVersion = 9.0.0;
			};
		};
		51FF369E28D3AF6300BFF814 /* XCRemoteSwiftPackageReference "SnapKit" */ = {
			isa = XCRemoteSwiftPackageReference;
			repositoryURL = "https://github.com/SnapKit/SnapKit";
			requirement = {
				kind = upToNextMajorVersion;
				minimumVersion = 5.0.0;
			};
		};
		51FF36A328D3B4A200BFF814 /* XCRemoteSwiftPackageReference "firebase-ios-sdk" */ = {
			isa = XCRemoteSwiftPackageReference;
			repositoryURL = "https://github.com/firebase/firebase-ios-sdk";
			requirement = {
				kind = upToNextMajorVersion;
				minimumVersion = 9.0.0;
			};
		};
/* End XCRemoteSwiftPackageReference section */

/* Begin XCSwiftPackageProductDependency section */
		51FBF90F28F1F4A700C7FA45 /* FirebaseFirestore */ = {
			isa = XCSwiftPackageProductDependency;
			package = 51FF36A328D3B4A200BFF814 /* XCRemoteSwiftPackageReference "firebase-ios-sdk" */;
			productName = FirebaseFirestore;
		};
		51FBF91128F1F4A700C7FA45 /* FirebaseStorage */ = {
			isa = XCSwiftPackageProductDependency;
			package = 51FF36A328D3B4A200BFF814 /* XCRemoteSwiftPackageReference "firebase-ios-sdk" */;
			productName = FirebaseStorage;
		};
		51FBF91428F1F53A00C7FA45 /* FirebaseFirestore */ = {
			isa = XCSwiftPackageProductDependency;
			package = 51FF36A328D3B4A200BFF814 /* XCRemoteSwiftPackageReference "firebase-ios-sdk" */;
			productName = FirebaseFirestore;
		};
		51FBF91628F1F53A00C7FA45 /* FirebaseStorage */ = {
			isa = XCSwiftPackageProductDependency;
			package = 51FF36A328D3B4A200BFF814 /* XCRemoteSwiftPackageReference "firebase-ios-sdk" */;
			productName = FirebaseStorage;
		};
		51FF369F28D3AF6400BFF814 /* SnapKit */ = {
			isa = XCSwiftPackageProductDependency;
			package = 51FF369E28D3AF6300BFF814 /* XCRemoteSwiftPackageReference "SnapKit" */;
			productName = SnapKit;
		};
		51FF36A428D3B4A200BFF814 /* FirebaseAuth */ = {
			isa = XCSwiftPackageProductDependency;
			package = 51FF36A328D3B4A200BFF814 /* XCRemoteSwiftPackageReference "firebase-ios-sdk" */;
			productName = FirebaseAuth;
		};
		51FF36A628D3B4A200BFF814 /* FirebaseFirestore */ = {
			isa = XCSwiftPackageProductDependency;
			package = 51FF36A328D3B4A200BFF814 /* XCRemoteSwiftPackageReference "firebase-ios-sdk" */;
			productName = FirebaseFirestore;
		};
/* End XCSwiftPackageProductDependency section */
	};
	rootObject = 51FF111028D399AB00B0D334 /* Project object */;
}
